
Microsoft Visual Studio Solution File, Format Version 12.00
# Visual Studio Version 16
VisualStudioVersion = 16.0.30717.126
MinimumVisualStudioVersion = 10.0.40219.1
Project("{FAE04EC0-301F-11D3-BF4B-00C04F79EFBC}") = "APIFlowers", "APIFlowers\APIFlowers.csproj", "{796DA952-03A1-448D-B01E-920B7FE946EF}"
EndProject
Global
	GlobalSection(SolutionConfigurationPlatforms) = preSolution
		Debug|Any CPU = Debug|Any CPU
		Release|Any CPU = Release|Any CPU
	EndGlobalSection
	GlobalSection(ProjectConfigurationPlatforms) = postSolution
		{796DA952-03A1-448D-B01E-920B7FE946EF}.Debug|Any CPU.ActiveCfg = Debug|Any CPU
		{796DA952-03A1-448D-B01E-920B7FE946EF}.Debug|Any CPU.Build.0 = Debug|Any CPU
		{796DA952-03A1-448D-B01E-920B7FE946EF}.Release|Any CPU.ActiveCfg = Release|Any CPU
		{796DA952-03A1-448D-B01E-920B7FE946EF}.Release|Any CPU.Build.0 = Release|Any CPU
	EndGlobalSection
	GlobalSection(SolutionProperties) = preSolution
		HideSolutionNode = FALSE
	EndGlobalSection
	GlobalSection(ExtensibilityGlobals) = postSolution
		SolutionGuid = {B836322C-3358-4427-81B9-06C8C92DC84F}
	EndGlobalSection
EndGlobal
